
Microsoft Visual Studio Solution File, Format Version 12.00
# Visual Studio Version 16
VisualStudioVersion = 16.0.31911.196
MinimumVisualStudioVersion = 10.0.40219.1
Project("{FAE04EC0-301F-11D3-BF4B-00C04F79EFBC}") = "TesteDelegate", "TesteDelegate\TesteDelegate.csproj", "{68F82643-66D4-4FBB-A25B-45EC9C2A448C}"
EndProject
Global
	GlobalSection(SolutionConfigurationPlatforms) = preSolution
		Debug|Any CPU = Debug|Any CPU
		Release|Any CPU = Release|Any CPU
	EndGlobalSection
	GlobalSection(ProjectConfigurationPlatforms) = postSolution
		{68F82643-66D4-4FBB-A25B-45EC9C2A448C}.Debug|Any CPU.ActiveCfg = Debug|Any CPU
		{68F82643-66D4-4FBB-A25B-45EC9C2A448C}.Debug|Any CPU.Build.0 = Debug|Any CPU
		{68F82643-66D4-4FBB-A25B-45EC9C2A448C}.Release|Any CPU.ActiveCfg = Release|Any CPU
		{68F82643-66D4-4FBB-A25B-45EC9C2A448C}.Release|Any CPU.Build.0 = Release|Any CPU
	EndGlobalSection
	GlobalSection(SolutionProperties) = preSolution
		HideSolutionNode = FALSE
	EndGlobalSection
	GlobalSection(ExtensibilityGlobals) = postSolution
		SolutionGuid = {1489287D-4371-4196-BE72-CB3D783DA7A6}
	EndGlobalSection
EndGlobal
